// !$*UTF8*$!
{
	archiveVersion = 1;
	classes = {
	};
	objectVersion = 46;
	objects = {

/* Begin PBXBuildFile section */
		6323DB9E20AA6398008A8873 /* productIPA.sh in Resources */ = {isa = PBXBuildFile; fileRef = 6323DB9D20AA6389008A8873 /* productIPA.sh */; };
		6323DBA320AA7CC9008A8873 /* shell.sh in Resources */ = {isa = PBXBuildFile; fileRef = 6323DB9F20AA7CC7008A8873 /* shell.sh */; };
		6323DBA420AA7CC9008A8873 /* README.md in Resources */ = {isa = PBXBuildFile; fileRef = 6323DBA020AA7CC7008A8873 /* README.md */; };
		6323DBA520AA7CC9008A8873 /* exportTest.plist in Resources */ = {isa = PBXBuildFile; fileRef = 6323DBA120AA7CC8008A8873 /* exportTest.plist */; };
		6323DBA620AA7CC9008A8873 /* exportAppstore.plist in Resources */ = {isa = PBXBuildFile; fileRef = 6323DBA220AA7CC8008A8873 /* exportAppstore.plist */; };
		632A057B20D0BEAE0046C7DD /* .gitignore in Resources */ = {isa = PBXBuildFile; fileRef = 632A056920D0BEAD0046C7DD /* .gitignore */; };
		632A057D20D0BEAE0046C7DD /* create-dmg.builder in Resources */ = {isa = PBXBuildFile; fileRef = 632A056D20D0BEAD0046C7DD /* create-dmg.builder */; };
		632A057E20D0BEAE0046C7DD /* create-dmg in Resources */ = {isa = PBXBuildFile; fileRef = 632A056E20D0BEAD0046C7DD /* create-dmg */; };
		632A057F20D0BEAE0046C7DD /* LICENSE in Resources */ = {isa = PBXBuildFile; fileRef = 632A056F20D0BEAD0046C7DD /* LICENSE */; };
		632A058020D0BEAE0046C7DD /* README.md in Resources */ = {isa = PBXBuildFile; fileRef = 632A057020D0BEAD0046C7DD /* README.md */; };
		632A058120D0BEAE0046C7DD /* sample in Resources */ = {isa = PBXBuildFile; fileRef = 632A057120D0BEAD0046C7DD /* sample */; };
		632A058220D0BEAE0046C7DD /* cloudoc_icon_108.png in Resources */ = {isa = PBXBuildFile; fileRef = 632A057320D0BEAD0046C7DD /* cloudoc_icon_108.png */; };
		632A058320D0BEAE0046C7DD /* cloudoc_icon_108@2x.png in Resources */ = {isa = PBXBuildFile; fileRef = 632A057420D0BEAD0046C7DD /* cloudoc_icon_108@2x.png */; };
		632A058420D0BEAE0046C7DD /* cloudoc_icon_96.png in Resources */ = {isa = PBXBuildFile; fileRef = 632A057520D0BEAD0046C7DD /* cloudoc_icon_96.png */; };
		632A058520D0BEAE0046C7DD /* cloudoc_icon_96@2x.png in Resources */ = {isa = PBXBuildFile; fileRef = 632A057620D0BEAD0046C7DD /* cloudoc_icon_96@2x.png */; };
		632A058620D0BEAE0046C7DD /* dmg-license.py in Resources */ = {isa = PBXBuildFile; fileRef = 632A057720D0BEAD0046C7DD /* dmg-license.py */; };
		632A058720D0BEAE0046C7DD /* Install_bac.png in Resources */ = {isa = PBXBuildFile; fileRef = 632A057820D0BEAD0046C7DD /* Install_bac.png */; };
		632A058820D0BEAE0046C7DD /* Install_bac@2x.png in Resources */ = {isa = PBXBuildFile; fileRef = 632A057920D0BEAD0046C7DD /* Install_bac@2x.png */; };
		632A058920D0BEAE0046C7DD /* template.applescript in Sources */ = {isa = PBXBuildFile; fileRef = 632A057A20D0BEAD0046C7DD /* template.applescript */; };
		632A058A20D0BECA0046C7DD /* buildMac.sh in Resources */ = {isa = PBXBuildFile; fileRef = 633AF86020C937AC0046C2E5 /* buildMac.sh */; };
		6347D21D20A57DD80051944A /* STPrivilegedTask.m in Sources */ = {isa = PBXBuildFile; fileRef = 6347D21B20A57DD80051944A /* STPrivilegedTask.m */; };
		634AFA3520CAC9CC00C1D4EF /* pack.sh in Resources */ = {isa = PBXBuildFile; fileRef = 634AFA3420CAC9CC00C1D4EF /* pack.sh */; };
		63A3857020A715F700C9C493 /* action.sh in Resources */ = {isa = PBXBuildFile; fileRef = 63A3856B20A715F500C9C493 /* action.sh */; };
		63A3857120A715F700C9C493 /* read.sh in Resources */ = {isa = PBXBuildFile; fileRef = 63A3856D20A715F600C9C493 /* read.sh */; };
		63A3857220A715F700C9C493 /* copySource.sh in Resources */ = {isa = PBXBuildFile; fileRef = 63A3856F20A715F600C9C493 /* copySource.sh */; };
		63A3857320A7190D00C9C493 /* Contents.json in Resources */ = {isa = PBXBuildFile; fileRef = 63A3856C20A715F600C9C493 /* Contents.json */; };
		63A3857420A7190D00C9C493 /* content.txt in Resources */ = {isa = PBXBuildFile; fileRef = 63A3856E20A715F600C9C493 /* content.txt */; };
		63BDF2DD20CFC5DE003863B0 /* xib.py in Resources */ = {isa = PBXBuildFile; fileRef = 63BDF2DC20CFC5DD003863B0 /* xib.py */; };
		F42EA3F120499D760047D070 /* unlocked.png in Resources */ = {isa = PBXBuildFile; fileRef = F42EA3F020499D760047D070 /* unlocked.png */; };
		F47D65BE1EC3535D0000ABAE /* script.pl in Resources */ = {isa = PBXBuildFile; fileRef = F47D65BD1EC3535D0000ABAE /* script.pl */; };
		F4C19A711BD1963900F411BD /* script.sh in Resources */ = {isa = PBXBuildFile; fileRef = F4C19A701BD1963900F411BD /* script.sh */; };
		F4F1035E1B5155A200BCAD40 /* AppDelegate.m in Sources */ = {isa = PBXBuildFile; fileRef = F4F1035D1B5155A200BCAD40 /* AppDelegate.m */; };
		F4F103601B5155A200BCAD40 /* main.m in Sources */ = {isa = PBXBuildFile; fileRef = F4F1035F1B5155A200BCAD40 /* main.m */; };
		F4F103651B5155A200BCAD40 /* MainMenu.xib in Resources */ = {isa = PBXBuildFile; fileRef = F4F103631B5155A200BCAD40 /* MainMenu.xib */; };
		F4F103801B5166CF00BCAD40 /* lock-icon.icns in Resources */ = {isa = PBXBuildFile; fileRef = F4F1037F1B5166CF00BCAD40 /* lock-icon.icns */; };
/* End PBXBuildFile section */

/* Begin PBXFileReference section */
		6323DB9D20AA6389008A8873 /* productIPA.sh */ = {isa = PBXFileReference; lastKnownFileType = text.script.sh; path = productIPA.sh; sourceTree = "<group>"; };
		6323DB9F20AA7CC7008A8873 /* shell.sh */ = {isa = PBXFileReference; fileEncoding = 4; lastKnownFileType = text.script.sh; path = shell.sh; sourceTree = "<group>"; };
		6323DBA020AA7CC7008A8873 /* README.md */ = {isa = PBXFileReference; fileEncoding = 4; lastKnownFileType = net.daringfireball.markdown; path = README.md; sourceTree = "<group>"; };
		6323DBA120AA7CC8008A8873 /* exportTest.plist */ = {isa = PBXFileReference; fileEncoding = 4; lastKnownFileType = text.plist.xml; path = exportTest.plist; sourceTree = "<group>"; };
		6323DBA220AA7CC8008A8873 /* exportAppstore.plist */ = {isa = PBXFileReference; fileEncoding = 4; lastKnownFileType = text.plist.xml; path = exportAppstore.plist; sourceTree = "<group>"; };
		632A056720D0B5CD0046C7DD /* project.py */ = {isa = PBXFileReference; lastKnownFileType = text.script.python; path = project.py; sourceTree = "<group>"; };
		632A056920D0BEAD0046C7DD /* .gitignore */ = {isa = PBXFileReference; fileEncoding = 4; lastKnownFileType = text; path = .gitignore; sourceTree = "<group>"; };
		632A056D20D0BEAD0046C7DD /* create-dmg.builder */ = {isa = PBXFileReference; fileEncoding = 4; lastKnownFileType = text; path = "create-dmg.builder"; sourceTree = "<group>"; };
		632A056E20D0BEAD0046C7DD /* create-dmg */ = {isa = PBXFileReference; fileEncoding = 4; lastKnownFileType = text.script.sh; path = "create-dmg"; sourceTree = "<group>"; };
		632A056F20D0BEAD0046C7DD /* LICENSE */ = {isa = PBXFileReference; fileEncoding = 4; lastKnownFileType = text; path = LICENSE; sourceTree = "<group>"; };
		632A057020D0BEAD0046C7DD /* README.md */ = {isa = PBXFileReference; fileEncoding = 4; lastKnownFileType = net.daringfireball.markdown; path = README.md; sourceTree = "<group>"; };
		632A057120D0BEAD0046C7DD /* sample */ = {isa = PBXFileReference; fileEncoding = 4; lastKnownFileType = text.script.sh; path = sample; sourceTree = "<group>"; };
		632A057320D0BEAD0046C7DD /* cloudoc_icon_108.png */ = {isa = PBXFileReference; lastKnownFileType = image.png; path = cloudoc_icon_108.png; sourceTree = "<group>"; };
		632A057420D0BEAD0046C7DD /* cloudoc_icon_108@2x.png */ = {isa = PBXFileReference; lastKnownFileType = image.png; path = "cloudoc_icon_108@2x.png"; sourceTree = "<group>"; };
		632A057520D0BEAD0046C7DD /* cloudoc_icon_96.png */ = {isa = PBXFileReference; lastKnownFileType = image.png; path = cloudoc_icon_96.png; sourceTree = "<group>"; };
		632A057620D0BEAD0046C7DD /* cloudoc_icon_96@2x.png */ = {isa = PBXFileReference; lastKnownFileType = image.png; path = "cloudoc_icon_96@2x.png"; sourceTree = "<group>"; };
		632A057720D0BEAD0046C7DD /* dmg-license.py */ = {isa = PBXFileReference; fileEncoding = 4; lastKnownFileType = text.script.python; path = "dmg-license.py"; sourceTree = "<group>"; };
		632A057820D0BEAD0046C7DD /* Install_bac.png */ = {isa = PBXFileReference; lastKnownFileType = image.png; path = Install_bac.png; sourceTree = "<group>"; };
		632A057920D0BEAD0046C7DD /* Install_bac@2x.png */ = {isa = PBXFileReference; lastKnownFileType = image.png; path = "Install_bac@2x.png"; sourceTree = "<group>"; };
		632A057A20D0BEAD0046C7DD /* template.applescript */ = {isa = PBXFileReference; fileEncoding = 4; lastKnownFileType = sourcecode.applescript; path = template.applescript; sourceTree = "<group>"; };
		632C96DB20ABE2FB00B3C447 /* easy.sh */ = {isa = PBXFileReference; lastKnownFileType = text.script.sh; path = easy.sh; sourceTree = "<group>"; };
		633AF86020C937AC0046C2E5 /* buildMac.sh */ = {isa = PBXFileReference; lastKnownFileType = text.script.sh; path = buildMac.sh; sourceTree = "<group>"; };
		6347D21B20A57DD80051944A /* STPrivilegedTask.m */ = {isa = PBXFileReference; fileEncoding = 4; lastKnownFileType = sourcecode.c.objc; path = STPrivilegedTask.m; sourceTree = "<group>"; };
		6347D21C20A57DD80051944A /* STPrivilegedTask.h */ = {isa = PBXFileReference; fileEncoding = 4; lastKnownFileType = sourcecode.c.h; path = STPrivilegedTask.h; sourceTree = "<group>"; };
		634AFA3420CAC9CC00C1D4EF /* pack.sh */ = {isa = PBXFileReference; fileEncoding = 4; lastKnownFileType = text.script.sh; path = pack.sh; sourceTree = "<group>"; };
		63A3856B20A715F500C9C493 /* action.sh */ = {isa = PBXFileReference; lastKnownFileType = text.script.sh; path = action.sh; sourceTree = "<group>"; };
		63A3856C20A715F600C9C493 /* Contents.json */ = {isa = PBXFileReference; lastKnownFileType = text.json; path = Contents.json; sourceTree = "<group>"; };
		63A3856D20A715F600C9C493 /* read.sh */ = {isa = PBXFileReference; lastKnownFileType = text.script.sh; path = read.sh; sourceTree = "<group>"; };
		63A3856E20A715F600C9C493 /* content.txt */ = {isa = PBXFileReference; lastKnownFileType = text; path = content.txt; sourceTree = "<group>"; };
		63A3856F20A715F600C9C493 /* copySource.sh */ = {isa = PBXFileReference; lastKnownFileType = text.script.sh; path = copySource.sh; sourceTree = "<group>"; };
		63BDF2DC20CFC5DD003863B0 /* xib.py */ = {isa = PBXFileReference; fileEncoding = 4; lastKnownFileType = text.script.python; path = xib.py; sourceTree = "<group>"; };
		F42EA3F020499D760047D070 /* unlocked.png */ = {isa = PBXFileReference; lastKnownFileType = image.png; path = unlocked.png; sourceTree = "<group>"; };
		F47D65BD1EC3535D0000ABAE /* script.pl */ = {isa = PBXFileReference; fileEncoding = 4; lastKnownFileType = text.script.perl; path = script.pl; sourceTree = "<group>"; };
		F4C19A701BD1963900F411BD /* script.sh */ = {isa = PBXFileReference; fileEncoding = 4; lastKnownFileType = text.script.sh; path = script.sh; sourceTree = "<group>"; };
		F4E5E4001EE2953E0072EACE /* en */ = {isa = PBXFileReference; lastKnownFileType = file.xib; name = en; path = en.lproj/MainMenu.xib; sourceTree = "<group>"; };
		F4F103571B5155A200BCAD40 /* AutoPack.app */ = {isa = PBXFileReference; explicitFileType = wrapper.application; includeInIndex = 0; path = AutoPack.app; sourceTree = BUILT_PRODUCTS_DIR; };
		F4F1035B1B5155A200BCAD40 /* Info.plist */ = {isa = PBXFileReference; lastKnownFileType = text.plist.xml; path = Info.plist; sourceTree = "<group>"; };
		F4F1035C1B5155A200BCAD40 /* AppDelegate.h */ = {isa = PBXFileReference; lastKnownFileType = sourcecode.c.h; path = AppDelegate.h; sourceTree = "<group>"; };
		F4F1035D1B5155A200BCAD40 /* AppDelegate.m */ = {isa = PBXFileReference; lastKnownFileType = sourcecode.c.objc; path = AppDelegate.m; sourceTree = "<group>"; };
		F4F1035F1B5155A200BCAD40 /* main.m */ = {isa = PBXFileReference; lastKnownFileType = sourcecode.c.objc; path = main.m; sourceTree = "<group>"; };
		F4F1037F1B5166CF00BCAD40 /* lock-icon.icns */ = {isa = PBXFileReference; lastKnownFileType = image.icns; path = "lock-icon.icns"; sourceTree = "<group>"; };
/* End PBXFileReference section */

/* Begin PBXFrameworksBuildPhase section */
		F4F103541B5155A200BCAD40 /* Frameworks */ = {
			isa = PBXFrameworksBuildPhase;
			buildActionMask = 2147483647;
			files = (
			);
			runOnlyForDeploymentPostprocessing = 0;
		};
/* End PBXFrameworksBuildPhase section */

/* Begin PBXGroup section */
		632A056820D0BEAD0046C7DD /* buildMac */ = {
			isa = PBXGroup;
			children = (
				633AF86020C937AC0046C2E5 /* buildMac.sh */,
				632A056920D0BEAD0046C7DD /* .gitignore */,
				632A056C20D0BEAD0046C7DD /* builder */,
				632A056E20D0BEAD0046C7DD /* create-dmg */,
				632A056F20D0BEAD0046C7DD /* LICENSE */,
				632A057020D0BEAD0046C7DD /* README.md */,
				632A057120D0BEAD0046C7DD /* sample */,
				632A057220D0BEAD0046C7DD /* support */,
			);
			path = buildMac;
			sourceTree = "<group>";
		};
		632A056C20D0BEAD0046C7DD /* builder */ = {
			isa = PBXGroup;
			children = (
				632A056D20D0BEAD0046C7DD /* create-dmg.builder */,
			);
			path = builder;
			sourceTree = "<group>";
		};
		632A057220D0BEAD0046C7DD /* support */ = {
			isa = PBXGroup;
			children = (
				632A057320D0BEAD0046C7DD /* cloudoc_icon_108.png */,
				632A057420D0BEAD0046C7DD /* cloudoc_icon_108@2x.png */,
				632A057520D0BEAD0046C7DD /* cloudoc_icon_96.png */,
				632A057620D0BEAD0046C7DD /* cloudoc_icon_96@2x.png */,
				632A057720D0BEAD0046C7DD /* dmg-license.py */,
				632A057820D0BEAD0046C7DD /* Install_bac.png */,
				632A057920D0BEAD0046C7DD /* Install_bac@2x.png */,
				632A057A20D0BEAD0046C7DD /* template.applescript */,
			);
			path = support;
			sourceTree = "<group>";
		};
		6347D21E20A57E890051944A /* soures */ = {
			isa = PBXGroup;
			children = (
				63BDF2DC20CFC5DD003863B0 /* xib.py */,
				634AFA3420CAC9CC00C1D4EF /* pack.sh */,
				63A3856B20A715F500C9C493 /* action.sh */,
				63A3856F20A715F600C9C493 /* copySource.sh */,
				63A3856D20A715F600C9C493 /* read.sh */,
				63A3856C20A715F600C9C493 /* Contents.json */,
				63A3856E20A715F600C9C493 /* content.txt */,
				6323DB9D20AA6389008A8873 /* productIPA.sh */,
				6323DBA220AA7CC8008A8873 /* exportAppstore.plist */,
				6323DBA120AA7CC8008A8873 /* exportTest.plist */,
				6323DBA020AA7CC7008A8873 /* README.md */,
				6323DB9F20AA7CC7008A8873 /* shell.sh */,
				632C96DB20ABE2FB00B3C447 /* easy.sh */,
				632A056720D0B5CD0046C7DD /* project.py */,
				632A056820D0BEAD0046C7DD /* buildMac */,
			);
			path = soures;
			sourceTree = "<group>";
		};
		F47C14F61C8CB70C005BC692 /* Resources */ = {
			isa = PBXGroup;
			children = (
				F47D65BD1EC3535D0000ABAE /* script.pl */,
				F4C19A701BD1963900F411BD /* script.sh */,
				F4F103631B5155A200BCAD40 /* MainMenu.xib */,
				F42EA3F020499D760047D070 /* unlocked.png */,
				F4F1037F1B5166CF00BCAD40 /* lock-icon.icns */,
				F4F1035B1B5155A200BCAD40 /* Info.plist */,
			);
			name = Resources;
			sourceTree = "<group>";
		};
		F4F1034E1B5155A200BCAD40 = {
			isa = PBXGroup;
			children = (
				6347D21E20A57E890051944A /* soures */,
				6347D21C20A57DD80051944A /* STPrivilegedTask.h */,
				6347D21B20A57DD80051944A /* STPrivilegedTask.m */,
				F4F1037D1B51663800BCAD40 /* STPrivilegedTask */,
				F4F103591B5155A200BCAD40 /* PrivilegedTaskExample */,
				F4F103581B5155A200BCAD40 /* Products */,
			);
			sourceTree = "<group>";
		};
		F4F103581B5155A200BCAD40 /* Products */ = {
			isa = PBXGroup;
			children = (
				F4F103571B5155A200BCAD40 /* AutoPack.app */,
			);
			name = Products;
			sourceTree = "<group>";
		};
		F4F103591B5155A200BCAD40 /* PrivilegedTaskExample */ = {
			isa = PBXGroup;
			children = (
				F4F1035F1B5155A200BCAD40 /* main.m */,
				F4F1035C1B5155A200BCAD40 /* AppDelegate.h */,
				F4F1035D1B5155A200BCAD40 /* AppDelegate.m */,
				F47C14F61C8CB70C005BC692 /* Resources */,
			);
			path = PrivilegedTaskExample;
			sourceTree = "<group>";
		};
		F4F1037D1B51663800BCAD40 /* STPrivilegedTask */ = {
			isa = PBXGroup;
			children = (
			);
			name = STPrivilegedTask;
			path = PrivilegedTaskExample;
			sourceTree = "<group>";
		};
/* End PBXGroup section */

/* Begin PBXNativeTarget section */
		F4F103561B5155A200BCAD40 /* AutoPack */ = {
			isa = PBXNativeTarget;
			buildConfigurationList = F4F103741B5155A200BCAD40 /* Build configuration list for PBXNativeTarget "AutoPack" */;
			buildPhases = (
				F4F103531B5155A200BCAD40 /* Sources */,
				F4F103541B5155A200BCAD40 /* Frameworks */,
				F4F103551B5155A200BCAD40 /* Resources */,
				F451B52C1EA295B300DE50FD /* Set CFBundleVersion */,
			);
			buildRules = (
			);
			dependencies = (
			);
			name = AutoPack;
			productName = PrivilegedTaskExample;
			productReference = F4F103571B5155A200BCAD40 /* AutoPack.app */;
			productType = "com.apple.product-type.application";
		};
/* End PBXNativeTarget section */

/* Begin PBXProject section */
		F4F1034F1B5155A200BCAD40 /* Project object */ = {
			isa = PBXProject;
			attributes = {
				LastUpgradeCheck = 0920;
				ORGANIZATIONNAME = "Sveinbjorn Thordarson";
				TargetAttributes = {
					F4F103561B5155A200BCAD40 = {
						CreatedOnToolsVersion = 6.4;
					};
				};
			};
			buildConfigurationList = F4F103521B5155A200BCAD40 /* Build configuration list for PBXProject "AutoPack" */;
			compatibilityVersion = "Xcode 3.2";
			developmentRegion = English;
			hasScannedForEncodings = 0;
			knownRegions = (
				en,
				Base,
			);
			mainGroup = F4F1034E1B5155A200BCAD40;
			productRefGroup = F4F103581B5155A200BCAD40 /* Products */;
			projectDirPath = "";
			projectRoot = "";
			targets = (
				F4F103561B5155A200BCAD40 /* AutoPack */,
			);
		};
/* End PBXProject section */

/* Begin PBXResourcesBuildPhase section */
		F4F103551B5155A200BCAD40 /* Resources */ = {
			isa = PBXResourcesBuildPhase;
			buildActionMask = 2147483647;
			files = (
				6323DB9E20AA6398008A8873 /* productIPA.sh in Resources */,
				632A057E20D0BEAE0046C7DD /* create-dmg in Resources */,
				632A058720D0BEAE0046C7DD /* Install_bac.png in Resources */,
				63A3857320A7190D00C9C493 /* Contents.json in Resources */,
				63A3857420A7190D00C9C493 /* content.txt in Resources */,
				F47D65BE1EC3535D0000ABAE /* script.pl in Resources */,
				632A057D20D0BEAE0046C7DD /* create-dmg.builder in Resources */,
				632A058520D0BEAE0046C7DD /* cloudoc_icon_96@2x.png in Resources */,
				6323DBA520AA7CC9008A8873 /* exportTest.plist in Resources */,
				6323DBA420AA7CC9008A8873 /* README.md in Resources */,
				632A058020D0BEAE0046C7DD /* README.md in Resources */,
				632A058220D0BEAE0046C7DD /* cloudoc_icon_108.png in Resources */,
				632A058420D0BEAE0046C7DD /* cloudoc_icon_96.png in Resources */,
				63A3857020A715F700C9C493 /* action.sh in Resources */,
				632A058820D0BEAE0046C7DD /* Install_bac@2x.png in Resources */,
				6323DBA320AA7CC9008A8873 /* shell.sh in Resources */,
				63BDF2DD20CFC5DE003863B0 /* xib.py in Resources */,
				F42EA3F120499D760047D070 /* unlocked.png in Resources */,
				63A3857220A715F700C9C493 /* copySource.sh in Resources */,
				F4F103801B5166CF00BCAD40 /* lock-icon.icns in Resources */,
				632A058A20D0BECA0046C7DD /* buildMac.sh in Resources */,
				632A058120D0BEAE0046C7DD /* sample in Resources */,
				F4C19A711BD1963900F411BD /* script.sh in Resources */,
				632A058620D0BEAE0046C7DD /* dmg-license.py in Resources */,
				632A058320D0BEAE0046C7DD /* cloudoc_icon_108@2x.png in Resources */,
				632A057F20D0BEAE0046C7DD /* LICENSE in Resources */,
				63A3857120A715F700C9C493 /* read.sh in Resources */,
				F4F103651B5155A200BCAD40 /* MainMenu.xib in Resources */,
				6323DBA620AA7CC9008A8873 /* exportAppstore.plist in Resources */,
				632A057B20D0BEAE0046C7DD /* .gitignore in Resources */,
				634AFA3520CAC9CC00C1D4EF /* pack.sh in Resources */,
			);
			runOnlyForDeploymentPostprocessing = 0;
		};
/* End PBXResourcesBuildPhase section */

/* Begin PBXShellScriptBuildPhase section */
		F451B52C1EA295B300DE50FD /* Set CFBundleVersion */ = {
			isa = PBXShellScriptBuildPhase;
			buildActionMask = 2147483647;
			files = (
			);
			inputPaths = (
			);
			name = "Set CFBundleVersion";
			outputPaths = (
			);
			runOnlyForDeploymentPostprocessing = 0;
			shellPath = /bin/sh;
			shellScript = "#!/bin/sh\nBUILD_NUMBER=`git rev-list HEAD | wc -l`\n/usr/libexec/PlistBuddy -c \"Set :CFBundleVersion $BUILD_NUMBER\" \"${TARGET_BUILD_DIR}/${INFOPLIST_PATH}\"\nif [ \"$?\" -ne 0 ] ; then\necho \"warning:Error incrementing CFBundleVersion\"\nfi";
		};
/* End PBXShellScriptBuildPhase section */

/* Begin PBXSourcesBuildPhase section */
		F4F103531B5155A200BCAD40 /* Sources */ = {
			isa = PBXSourcesBuildPhase;
			buildActionMask = 2147483647;
			files = (
				F4F103601B5155A200BCAD40 /* main.m in Sources */,
				632A058920D0BEAE0046C7DD /* template.applescript in Sources */,
				F4F1035E1B5155A200BCAD40 /* AppDelegate.m in Sources */,
				6347D21D20A57DD80051944A /* STPrivilegedTask.m in Sources */,
			);
			runOnlyForDeploymentPostprocessing = 0;
		};
/* End PBXSourcesBuildPhase section */

/* Begin PBXVariantGroup section */
		F4F103631B5155A200BCAD40 /* MainMenu.xib */ = {
			isa = PBXVariantGroup;
			children = (
				F4E5E4001EE2953E0072EACE /* en */,
			);
			name = MainMenu.xib;
			sourceTree = "<group>";
		};
/* End PBXVariantGroup section */

/* Begin XCBuildConfiguration section */
		F4F103721B5155A200BCAD40 /* Debug */ = {
			isa = XCBuildConfiguration;
			buildSettings = {
				ALWAYS_SEARCH_USER_PATHS = NO;
				CLANG_CXX_LANGUAGE_STANDARD = "gnu++0x";
				CLANG_CXX_LIBRARY = "libc++";
				CLANG_ENABLE_MODULES = YES;
				CLANG_ENABLE_OBJC_ARC = YES;
				CLANG_WARN_BLOCK_CAPTURE_AUTORELEASING = YES;
				CLANG_WARN_BOOL_CONVERSION = YES;
				CLANG_WARN_COMMA = YES;
				CLANG_WARN_CONSTANT_CONVERSION = YES;
				CLANG_WARN_DIRECT_OBJC_ISA_USAGE = YES_ERROR;
				CLANG_WARN_EMPTY_BODY = YES;
				CLANG_WARN_ENUM_CONVERSION = YES;
				CLANG_WARN_INFINITE_RECURSION = YES;
				CLANG_WARN_INT_CONVERSION = YES;
				CLANG_WARN_NON_LITERAL_NULL_CONVERSION = YES;
				CLANG_WARN_OBJC_LITERAL_CONVERSION = YES;
				CLANG_WARN_OBJC_ROOT_CLASS = YES_ERROR;
				CLANG_WARN_RANGE_LOOP_ANALYSIS = YES;
				CLANG_WARN_STRICT_PROTOTYPES = YES;
				CLANG_WARN_SUSPICIOUS_MOVE = YES;
				CLANG_WARN_UNREACHABLE_CODE = YES;
				CLANG_WARN__DUPLICATE_METHOD_MATCH = YES;
				CODE_SIGN_IDENTITY = "-";
				COPY_PHASE_STRIP = NO;
				DEBUG_INFORMATION_FORMAT = dwarf;
				ENABLE_STRICT_OBJC_MSGSEND = YES;
				GCC_C_LANGUAGE_STANDARD = gnu99;
				GCC_DYNAMIC_NO_PIC = NO;
				GCC_NO_COMMON_BLOCKS = YES;
				GCC_OPTIMIZATION_LEVEL = 0;
				GCC_PREPROCESSOR_DEFINITIONS = (
					"DEBUG=1",
					"$(inherited)",
				);
				GCC_SYMBOLS_PRIVATE_EXTERN = NO;
				GCC_WARN_64_TO_32_BIT_CONVERSION = YES;
				GCC_WARN_ABOUT_RETURN_TYPE = YES_ERROR;
				GCC_WARN_UNDECLARED_SELECTOR = YES;
				GCC_WARN_UNINITIALIZED_AUTOS = YES_AGGRESSIVE;
				GCC_WARN_UNUSED_FUNCTION = YES;
				GCC_WARN_UNUSED_VARIABLE = YES;
				MACOSX_DEPLOYMENT_TARGET = 10.8;
				MTL_ENABLE_DEBUG_INFO = YES;
				ONLY_ACTIVE_ARCH = YES;
				SDKROOT = macosx;
			};
			name = Debug;
		};
		F4F103731B5155A200BCAD40 /* Release */ = {
			isa = XCBuildConfiguration;
			buildSettings = {
				ALWAYS_SEARCH_USER_PATHS = NO;
				CLANG_CXX_LANGUAGE_STANDARD = "gnu++0x";
				CLANG_CXX_LIBRARY = "libc++";
				CLANG_ENABLE_MODULES = YES;
				CLANG_ENABLE_OBJC_ARC = YES;
				CLANG_WARN_BLOCK_CAPTURE_AUTORELEASING = YES;
				CLANG_WARN_BOOL_CONVERSION = YES;
				CLANG_WARN_COMMA = YES;
				CLANG_WARN_CONSTANT_CONVERSION = YES;
				CLANG_WARN_DIRECT_OBJC_ISA_USAGE = YES_ERROR;
				CLANG_WARN_EMPTY_BODY = YES;
				CLANG_WARN_ENUM_CONVERSION = YES;
				CLANG_WARN_INFINITE_RECURSION = YES;
				CLANG_WARN_INT_CONVERSION = YES;
				CLANG_WARN_NON_LITERAL_NULL_CONVERSION = YES;
				CLANG_WARN_OBJC_LITERAL_CONVERSION = YES;
				CLANG_WARN_OBJC_ROOT_CLASS = YES_ERROR;
				CLANG_WARN_RANGE_LOOP_ANALYSIS = YES;
				CLANG_WARN_STRICT_PROTOTYPES = YES;
				CLANG_WARN_SUSPICIOUS_MOVE = YES;
				CLANG_WARN_UNREACHABLE_CODE = YES;
				CLANG_WARN__DUPLICATE_METHOD_MATCH = YES;
				CODE_SIGN_IDENTITY = "-";
				COPY_PHASE_STRIP = NO;
				DEBUG_INFORMATION_FORMAT = "dwarf-with-dsym";
				ENABLE_NS_ASSERTIONS = NO;
				ENABLE_STRICT_OBJC_MSGSEND = YES;
				GCC_C_LANGUAGE_STANDARD = gnu99;
				GCC_NO_COMMON_BLOCKS = YES;
				GCC_WARN_64_TO_32_BIT_CONVERSION = YES;
				GCC_WARN_ABOUT_RETURN_TYPE = YES_ERROR;
				GCC_WARN_UNDECLARED_SELECTOR = YES;
				GCC_WARN_UNINITIALIZED_AUTOS = YES_AGGRESSIVE;
				GCC_WARN_UNUSED_FUNCTION = YES;
				GCC_WARN_UNUSED_VARIABLE = YES;
				MACOSX_DEPLOYMENT_TARGET = 10.8;
				MTL_ENABLE_DEBUG_INFO = NO;
				SDKROOT = macosx;
			};
			name = Release;
		};
		F4F103751B5155A200BCAD40 /* Debug */ = {
			isa = XCBuildConfiguration;
			buildSettings = {
				ASSETCATALOG_COMPILER_APPICON_NAME = AppIcon;
				COMBINE_HIDPI_IMAGES = YES;
				INFOPLIST_FILE = PrivilegedTaskExample/Info.plist;
				LD_RUNPATH_SEARCH_PATHS = "$(inherited) @executable_path/../Frameworks";
				MACOSX_DEPLOYMENT_TARGET = 10.7;
				PRODUCT_BUNDLE_IDENTIFIER = "org.sveinbjorn.$(PRODUCT_NAME:rfc1034identifier)";
				PRODUCT_NAME = "$(TARGET_NAME)";
			};
			name = Debug;
		};
		F4F103761B5155A200BCAD40 /* Release */ = {
			isa = XCBuildConfiguration;
			buildSettings = {
				ASSETCATALOG_COMPILER_APPICON_NAME = AppIcon;
				COMBINE_HIDPI_IMAGES = YES;
				INFOPLIST_FILE = PrivilegedTaskExample/Info.plist;
				LD_RUNPATH_SEARCH_PATHS = "$(inherited) @executable_path/../Frameworks";
				MACOSX_DEPLOYMENT_TARGET = 10.7;
				PRODUCT_BUNDLE_IDENTIFIER = "org.sveinbjorn.$(PRODUCT_NAME:rfc1034identifier)";
				PRODUCT_NAME = "$(TARGET_NAME)";
			};
			name = Release;
		};
/* End XCBuildConfiguration section */

/* Begin XCConfigurationList section */
		F4F103521B5155A200BCAD40 /* Build configuration list for PBXProject "AutoPack" */ = {
			isa = XCConfigurationList;
			buildConfigurations = (
				F4F103721B5155A200BCAD40 /* Debug */,
				F4F103731B5155A200BCAD40 /* Release */,
			);
			defaultConfigurationIsVisible = 0;
			defaultConfigurationName = Release;
		};
		F4F103741B5155A200BCAD40 /* Build configuration list for PBXNativeTarget "AutoPack" */ = {
			isa = XCConfigurationList;
			buildConfigurations = (
				F4F103751B5155A200BCAD40 /* Debug */,
				F4F103761B5155A200BCAD40 /* Release */,
			);
			defaultConfigurationIsVisible = 0;
			defaultConfigurationName = Release;
		};
/* End XCConfigurationList section */
	};
	rootObject = F4F1034F1B5155A200BCAD40 /* Project object */;
}
